{
  "nodes": {
    "nixpkgs": {
      "locked": {
        "lastModified": 1704489009,
        "narHash": "sha256-q3htrdDB1dEm+IOYvUvaOwnn5vq+1l9rIKzjzhou5A4=",
        "owner": "NixOS",
        "repo": "nixpkgs",
        "rev": "4bbf5a2eb6046c54f7a29a0964c642ebfe912cbc",
        "type": "github"
      },
      "original": {
        "owner": "NixOS",
        "repo": "nixpkgs",
        "rev": "4bbf5a2eb6046c54f7a29a0964c642ebfe912cbc",
        "type": "github"
      }
    },
    "root": {
      "inputs": {
        "nixpkgs": "nixpkgs"
      }
    }
  },
  "root": "root",
  "version": 7
}
